
Microsoft Visual Studio Solution File, Format Version 12.00
# Visual Studio Version 17
VisualStudioVersion = 17.5.002.0
MinimumVisualStudioVersion = 10.0.40219.1
Project("{9A19103F-16F7-4668-BE54-9A1E7A4F7556}") = "WASM-Platzi", "WASM-Platzi.csproj", "{E797C7E7-92A7-4EFE-94A5-17C207A1421B}"
EndProject
Global
	GlobalSection(SolutionConfigurationPlatforms) = preSolution
		Debug|Any CPU = Debug|Any CPU
		Release|Any CPU = Release|Any CPU
	EndGlobalSection
	GlobalSection(ProjectConfigurationPlatforms) = postSolution
		{E797C7E7-92A7-4EFE-94A5-17C207A1421B}.Debug|Any CPU.ActiveCfg = Debug|Any CPU
		{E797C7E7-92A7-4EFE-94A5-17C207A1421B}.Debug|Any CPU.Build.0 = Debug|Any CPU
		{E797C7E7-92A7-4EFE-94A5-17C207A1421B}.Release|Any CPU.ActiveCfg = Release|Any CPU
		{E797C7E7-92A7-4EFE-94A5-17C207A1421B}.Release|Any CPU.Build.0 = Release|Any CPU
	EndGlobalSection
	GlobalSection(SolutionProperties) = preSolution
		HideSolutionNode = FALSE
	EndGlobalSection
	GlobalSection(ExtensibilityGlobals) = postSolution
		SolutionGuid = {573158B5-4D5A-40EA-8A15-6B550A2D283C}
	EndGlobalSection
EndGlobal
